{
    "_meta": {
        "hash": {
            "sha256": "f22531eb117b86cec694d36a09a015b6175b23bc7480264afb784338f1368205"
        },
        "pipfile-spec": 6,
        "requires": {
            "python_version": "3.4"
        },
        "sources": [
            {
                "name": "pypi",
                "url": "https://pypi.org/simple",
                "verify_ssl": true
            }
        ]
    },
    "default": {
        "pbkdf2": {
            "hashes": [
                "sha256:ac6397369f128212c43064a2b4878038dab78dab41875364554aaf2a684e6979"
            ],
            "version": "==1.3"
        },
        "wifi": {
            "hashes": [
                "sha256:a9880b2e91ea8420154c6826c8112a2f541bbae5641d59c5cb031d27138d7f26"
            ],
            "index": "pypi",
            "version": "==0.3.8"
        }
    },
    "develop": {}
}
